{
  "projects": [
    {
      "projectId": "ohDidvG9XsCeFumugENU3J",
      "version": "6.29.0",
      "dependencies": {},
      "lang": "ts",
      "fileLocks": [
        {
          "assetId": "ohDidvG9XsCeFumugENU3J",
          "type": "projectCss",
          "checksum": "ba2a60a163fca4f4d510275088a2be53"
        },
        {
          "assetId": "ohDidvG9XsCeFumugENU3J",
          "checksum": "de0a0e65174a6a185a8f822af51c6bdd",
          "type": "globalContexts"
        }
      ],
      "codegenVersion": "0.0.1"
    },
    {
      "projectId": "caTPwKxj5ZrD9LQ7DMdK4Z",
      "version": "3.40.0",
      "dependencies": {},
      "lang": "ts",
      "fileLocks": [
        {
          "assetId": "caTPwKxj5ZrD9LQ7DMdK4Z",
          "type": "projectCss",
          "checksum": "1c02168c6b23256606111fdfdbb63549"
        }
      ],
      "codegenVersion": "0.0.1"
    },
    {
      "projectId": "4ek7yevYSmZU9MaEHzjjyJ",
      "version": "latest",
      "dependencies": {
        "caTPwKxj5ZrD9LQ7DMdK4Z": "3.40.0",
        "ohDidvG9XsCeFumugENU3J": "6.29.0"
      },
      "lang": "ts",
      "fileLocks": [
        {
          "type": "globalVariant",
          "assetId": "q_ayk5ZGNfB_",
          "checksum": "0d84eee3715128e6d745d29dadc664bc"
        },
        {
          "assetId": "4ek7yevYSmZU9MaEHzjjyJ",
          "checksum": "782987884a5847f1bffbe9f720558e99",
          "type": "globalContexts"
        },
        {
          "type": "renderModule",
          "assetId": "CiVwiuPh5oJp",
          "checksum": "e567d41f53acf40f4e977a27ac53f2cd"
        },
        {
          "type": "cssRules",
          "assetId": "CiVwiuPh5oJp",
          "checksum": "e567d41f53acf40f4e977a27ac53f2cd"
        },
        {
          "type": "renderModule",
          "assetId": "64U7dXYnlm0W",
          "checksum": "50bb7c8e824501ba70f415a0e2699c77"
        },
        {
          "type": "cssRules",
          "assetId": "64U7dXYnlm0W",
          "checksum": "50bb7c8e824501ba70f415a0e2699c77"
        },
        {
          "type": "renderModule",
          "assetId": "DtUlfJNPg8Gz",
          "checksum": "7519257f977bbd8a042345e79f5f375e"
        },
        {
          "type": "cssRules",
          "assetId": "DtUlfJNPg8Gz",
          "checksum": "7519257f977bbd8a042345e79f5f375e"
        },
        {
          "type": "renderModule",
          "assetId": "rF0LMTrkhc3s",
          "checksum": "037d58b3372cf6d167d2a350a536d50f"
        },
        {
          "type": "cssRules",
          "assetId": "rF0LMTrkhc3s",
          "checksum": "037d58b3372cf6d167d2a350a536d50f"
        },
        {
          "type": "renderModule",
          "assetId": "j9TSd2_kMNv9",
          "checksum": "dea6f65107536d1b3b58625ee94d0432"
        },
        {
          "type": "cssRules",
          "assetId": "j9TSd2_kMNv9",
          "checksum": "dea6f65107536d1b3b58625ee94d0432"
        },
        {
          "type": "renderModule",
          "assetId": "wamzBqh56Hhg",
          "checksum": "02837ef0adfdb9150ab13741f1a42885"
        },
        {
          "type": "cssRules",
          "assetId": "wamzBqh56Hhg",
          "checksum": "02837ef0adfdb9150ab13741f1a42885"
        },
        {
          "type": "renderModule",
          "assetId": "2Yd2mxW3PTGB",
          "checksum": "35e55e349476f9c3d9eb83496920e779"
        },
        {
          "type": "cssRules",
          "assetId": "2Yd2mxW3PTGB",
          "checksum": "35e55e349476f9c3d9eb83496920e779"
        },
        {
          "type": "renderModule",
          "assetId": "URdOjkWq8M7r",
          "checksum": "e48f58adf0fa27cf45dd59a77317b654"
        },
        {
          "type": "cssRules",
          "assetId": "URdOjkWq8M7r",
          "checksum": "e48f58adf0fa27cf45dd59a77317b654"
        },
        {
          "type": "renderModule",
          "assetId": "Pa6amJSlDLS0",
          "checksum": "e6d9fd6506fee8bf527071842aa76d88"
        },
        {
          "type": "cssRules",
          "assetId": "Pa6amJSlDLS0",
          "checksum": "e6d9fd6506fee8bf527071842aa76d88"
        },
        {
          "type": "renderModule",
          "assetId": "pYhfWVlbz6rK",
          "checksum": "fd0a7a6995f83bb50878ab9e7269e746"
        },
        {
          "type": "cssRules",
          "assetId": "pYhfWVlbz6rK",
          "checksum": "fd0a7a6995f83bb50878ab9e7269e746"
        },
        {
          "type": "renderModule",
          "assetId": "UDe2_-rIrkzi",
          "checksum": "5d16493bbe03c38eb4566623f136a8ae"
        },
        {
          "type": "cssRules",
          "assetId": "UDe2_-rIrkzi",
          "checksum": "5d16493bbe03c38eb4566623f136a8ae"
        },
        {
          "type": "renderModule",
          "assetId": "WgtcOX7lLlZ3",
          "checksum": "d5e92f944fa0067afd9edbf796add224"
        },
        {
          "type": "cssRules",
          "assetId": "WgtcOX7lLlZ3",
          "checksum": "d5e92f944fa0067afd9edbf796add224"
        },
        {
          "type": "renderModule",
          "assetId": "DyM3o4afMIzM",
          "checksum": "1751f811b6e8b3aa68e614bd4a39c094"
        },
        {
          "type": "cssRules",
          "assetId": "DyM3o4afMIzM",
          "checksum": "1751f811b6e8b3aa68e614bd4a39c094"
        },
        {
          "type": "renderModule",
          "assetId": "96Dpxbdurlwm",
          "checksum": "27551cdacee1392a078df4a67c6a3a2a"
        },
        {
          "type": "cssRules",
          "assetId": "96Dpxbdurlwm",
          "checksum": "27551cdacee1392a078df4a67c6a3a2a"
        },
        {
          "type": "renderModule",
          "assetId": "AvYJy3RYh00v",
          "checksum": "516c1fe5c4984ac50173eed629fea94c"
        },
        {
          "type": "cssRules",
          "assetId": "AvYJy3RYh00v",
          "checksum": "516c1fe5c4984ac50173eed629fea94c"
        },
        {
          "type": "renderModule",
          "assetId": "uLRgmd5xI0ma",
          "checksum": "41073bf7dba8400027b90dc723cfe905"
        },
        {
          "type": "cssRules",
          "assetId": "uLRgmd5xI0ma",
          "checksum": "41073bf7dba8400027b90dc723cfe905"
        },
        {
          "type": "renderModule",
          "assetId": "kOi7agL8789G",
          "checksum": "2016f8cf128f828fbac52bf8f68bcf0b"
        },
        {
          "type": "cssRules",
          "assetId": "kOi7agL8789G",
          "checksum": "2016f8cf128f828fbac52bf8f68bcf0b"
        },
        {
          "type": "renderModule",
          "assetId": "LXjBXx0xs4DF",
          "checksum": "f2fcd5c04525a0c16b8638fc7481338c"
        },
        {
          "type": "cssRules",
          "assetId": "LXjBXx0xs4DF",
          "checksum": "f2fcd5c04525a0c16b8638fc7481338c"
        },
        {
          "type": "renderModule",
          "assetId": "FL9UE5cenYH-",
          "checksum": "4588a286b7cd8c8593ef09cef576f7d5"
        },
        {
          "type": "cssRules",
          "assetId": "FL9UE5cenYH-",
          "checksum": "4588a286b7cd8c8593ef09cef576f7d5"
        },
        {
          "type": "renderModule",
          "assetId": "FTD1V6ByjhQi",
          "checksum": "2640683f97c45f49b4d36c0edcffe80f"
        },
        {
          "type": "cssRules",
          "assetId": "FTD1V6ByjhQi",
          "checksum": "2640683f97c45f49b4d36c0edcffe80f"
        },
        {
          "type": "renderModule",
          "assetId": "eI7BZkRwT6IZ",
          "checksum": "5c47df604546b8b64a9e10315bbaf20b"
        },
        {
          "type": "cssRules",
          "assetId": "eI7BZkRwT6IZ",
          "checksum": "5c47df604546b8b64a9e10315bbaf20b"
        },
        {
          "type": "renderModule",
          "assetId": "OPun2yHK_93c",
          "checksum": "923b7933d054c3456a60681dac5e358e"
        },
        {
          "type": "cssRules",
          "assetId": "OPun2yHK_93c",
          "checksum": "923b7933d054c3456a60681dac5e358e"
        },
        {
          "type": "renderModule",
          "assetId": "jDe8VPrKN8I9",
          "checksum": "bb92fa4dbed2dbb49c90334db2d1ed23"
        },
        {
          "type": "cssRules",
          "assetId": "jDe8VPrKN8I9",
          "checksum": "bb92fa4dbed2dbb49c90334db2d1ed23"
        },
        {
          "type": "icon",
          "assetId": "7lEB-QKUC23V",
          "checksum": "6bd5de047267359f308370a3f3672604"
        },
        {
          "type": "icon",
          "assetId": "HvHYiYVE64hp",
          "checksum": "6d8b701d48841a38d551342b26ca1a8b"
        },
        {
          "type": "icon",
          "assetId": "KfGPUyuU1GIA",
          "checksum": "d406e49d3b4afec0f3f027568f30cc29"
        },
        {
          "type": "icon",
          "assetId": "RxN6QMK2WuQ4",
          "checksum": "f1699c635be61994d52563affde02131"
        },
        {
          "type": "icon",
          "assetId": "54DQJ6tyhv9Y",
          "checksum": "ae41f7febbc1a6b776b24d9ce2743d9d"
        },
        {
          "type": "image",
          "assetId": "cAdscJ3o2izu",
          "checksum": "27bc542d4a3e9a6e9af8b3f5a572d572"
        },
        {
          "type": "image",
          "assetId": "PKSjWiA0jTG3",
          "checksum": "1eb780bf1bbc9b025cc0d25aabe9e1c6"
        },
        {
          "type": "image",
          "assetId": "LrR4awWIKaIM",
          "checksum": "b9f7143527d21d7f765cbf4535699cde"
        },
        {
          "type": "image",
          "assetId": "jw00WIOrcl7F",
          "checksum": "d7ee0f2c635b9077605718442a02f700"
        },
        {
          "type": "image",
          "assetId": "N_bT3vO-Kw5y",
          "checksum": "2cb55656539aad7067798a234762cf63"
        },
        {
          "type": "image",
          "assetId": "378MH5YnPVMe",
          "checksum": "2c3fbbc788866cc8c4d1332eec374222"
        },
        {
          "type": "image",
          "assetId": "0rJjuTsLYaKR",
          "checksum": "4fb5798e115ce8a4dfa1844383db3109"
        },
        {
          "type": "image",
          "assetId": "oRZgibr84jlo",
          "checksum": "bdeaa52c999dafa0c36821151fd281ee"
        },
        {
          "type": "image",
          "assetId": "nVQetqas1dru",
          "checksum": "31cbc92117821f1b1252ef2540c84026"
        },
        {
          "type": "renderModule",
          "assetId": "YvW5mYN77oI5",
          "checksum": "62c8098383fa673ee55a1cbeca44cee6"
        },
        {
          "type": "cssRules",
          "assetId": "YvW5mYN77oI5",
          "checksum": "62c8098383fa673ee55a1cbeca44cee6"
        },
        {
          "type": "renderModule",
          "assetId": "PZjNRg33hRNg",
          "checksum": "cfef8faacfa80738bef29399c1c527eb"
        },
        {
          "type": "cssRules",
          "assetId": "PZjNRg33hRNg",
          "checksum": "cfef8faacfa80738bef29399c1c527eb"
        },
        {
          "type": "renderModule",
          "assetId": "v0QNEp-b2qKw",
          "checksum": "0e68b07428abeb34f13cac3a77c53a9e"
        },
        {
          "type": "cssRules",
          "assetId": "v0QNEp-b2qKw",
          "checksum": "0e68b07428abeb34f13cac3a77c53a9e"
        },
        {
          "type": "renderModule",
          "assetId": "tx8Yj7YTfIqS",
          "checksum": "9fcdf6640696dd1098faf83ca4c1241b"
        },
        {
          "type": "cssRules",
          "assetId": "tx8Yj7YTfIqS",
          "checksum": "9fcdf6640696dd1098faf83ca4c1241b"
        },
        {
          "type": "renderModule",
          "assetId": "0FEO4_hsLBLX",
          "checksum": "5ad6b9379dfcefa5779ae8844d9b519b"
        },
        {
          "type": "cssRules",
          "assetId": "0FEO4_hsLBLX",
          "checksum": "5ad6b9379dfcefa5779ae8844d9b519b"
        },
        {
          "type": "renderModule",
          "assetId": "m32vYRb_QMh8",
          "checksum": "a63d19580c17c7190fe92656bb693397"
        },
        {
          "type": "cssRules",
          "assetId": "m32vYRb_QMh8",
          "checksum": "a63d19580c17c7190fe92656bb693397"
        },
        {
          "type": "renderModule",
          "assetId": "DGQUyhUXa44C",
          "checksum": "94b2332a21f48e35fa09bc2a930de96c"
        },
        {
          "type": "cssRules",
          "assetId": "DGQUyhUXa44C",
          "checksum": "94b2332a21f48e35fa09bc2a930de96c"
        },
        {
          "assetId": "4ek7yevYSmZU9MaEHzjjyJ",
          "type": "projectCss",
          "checksum": "cb470311617b7fe3db9f310ff438e1aa"
        }
      ],
      "codegenVersion": "0.0.1"
    }
  ],
  "cliVersion": "0.1.337"
}
